// !$*UTF8*$!
{
	archiveVersion = 1;
	classes = {
	};
	objectVersion = 46;
	objects = {

/* Begin PBXBuildFile section */
		DB00B38F1A5C1E33008C4AB8 /* main.m in Sources */ = {isa = PBXBuildFile; fileRef = DB00B38E1A5C1E33008C4AB8 /* main.m */; };
		DB00B3921A5C1E33008C4AB8 /* AppDelegate.m in Sources */ = {isa = PBXBuildFile; fileRef = DB00B3911A5C1E33008C4AB8 /* AppDelegate.m */; };
		DB00B3951A5C1E33008C4AB8 /* colourNamer.xcdatamodeld in Sources */ = {isa = PBXBuildFile; fileRef = DB00B3931A5C1E33008C4AB8 /* colourNamer.xcdatamodeld */; };
		DB00B3981A5C1E33008C4AB8 /* ViewController.m in Sources */ = {isa = PBXBuildFile; fileRef = DB00B3971A5C1E33008C4AB8 /* ViewController.m */; };
		DB00B39B1A5C1E33008C4AB8 /* Main.storyboard in Resources */ = {isa = PBXBuildFile; fileRef = DB00B3991A5C1E33008C4AB8 /* Main.storyboard */; };
		DB00B39D1A5C1E34008C4AB8 /* Images.xcassets in Resources */ = {isa = PBXBuildFile; fileRef = DB00B39C1A5C1E34008C4AB8 /* Images.xcassets */; };
		DB00B3A01A5C1E34008C4AB8 /* LaunchScreen.xib in Resources */ = {isa = PBXBuildFile; fileRef = DB00B39E1A5C1E34008C4AB8 /* LaunchScreen.xib */; };
		DB00B3AC1A5C1E34008C4AB8 /* colourNamerTests.m in Sources */ = {isa = PBXBuildFile; fileRef = DB00B3AB1A5C1E34008C4AB8 /* colourNamerTests.m */; };
/* End PBXBuildFile section */

/* Begin PBXContainerItemProxy section */
		DB00B3A61A5C1E34008C4AB8 /* PBXContainerItemProxy */ = {
			isa = PBXContainerItemProxy;
			containerPortal = DB00B3811A5C1E33008C4AB8 /* Project object */;
			proxyType = 1;
			remoteGlobalIDString = DB00B3881A5C1E33008C4AB8;
			remoteInfo = colourNamer;
		};
/* End PBXContainerItemProxy section */

/* Begin PBXFileReference section */
		DB00B3891A5C1E33008C4AB8 /* colourNamer.app */ = {isa = PBXFileReference; explicitFileType = wrapper.application; includeInIndex = 0; path = colourNamer.app; sourceTree = BUILT_PRODUCTS_DIR; };
		DB00B38D1A5C1E33008C4AB8 /* Info.plist */ = {isa = PBXFileReference; lastKnownFileType = text.plist.xml; path = Info.plist; sourceTree = "<group>"; };
		DB00B38E1A5C1E33008C4AB8 /* main.m */ = {isa = PBXFileReference; lastKnownFileType = sourcecode.c.objc; path = main.m; sourceTree = "<group>"; };
		DB00B3901A5C1E33008C4AB8 /* AppDelegate.h */ = {isa = PBXFileReference; lastKnownFileType = sourcecode.c.h; path = AppDelegate.h; sourceTree = "<group>"; };
		DB00B3911A5C1E33008C4AB8 /* AppDelegate.m */ = {isa = PBXFileReference; lastKnownFileType = sourcecode.c.objc; path = AppDelegate.m; sourceTree = "<group>"; };
		DB00B3941A5C1E33008C4AB8 /* colourNamer.xcdatamodel */ = {isa = PBXFileReference; lastKnownFileType = wrapper.xcdatamodel; path = colourNamer.xcdatamodel; sourceTree = "<group>"; };
		DB00B3961A5C1E33008C4AB8 /* ViewController.h */ = {isa = PBXFileReference; lastKnownFileType = sourcecode.c.h; path = ViewController.h; sourceTree = "<group>"; };
		DB00B3971A5C1E33008C4AB8 /* ViewController.m */ = {isa = PBXFileReference; lastKnownFileType = sourcecode.c.objc; path = ViewController.m; sourceTree = "<group>"; };
		DB00B39A1A5C1E33008C4AB8 /* Base */ = {isa = PBXFileReference; lastKnownFileType = file.storyboard; name = Base; path = Base.lproj/Main.storyboard; sourceTree = "<group>"; };
		DB00B39C1A5C1E34008C4AB8 /* Images.xcassets */ = {isa = PBXFileReference; lastKnownFileType = folder.assetcatalog; path = Images.xcassets; sourceTree = "<group>"; };
		DB00B39F1A5C1E34008C4AB8 /* Base */ = {isa = PBXFileReference; lastKnownFileType = file.xib; name = Base; path = Base.lproj/LaunchScreen.xib; sourceTree = "<group>"; };
		DB00B3A51A5C1E34008C4AB8 /* colourNamerTests.xctest */ = {isa = PBXFileReference; explicitFileType = wrapper.cfbundle; includeInIndex = 0; path = colourNamerTests.xctest; sourceTree = BUILT_PRODUCTS_DIR; };
		DB00B3AA1A5C1E34008C4AB8 /* Info.plist */ = {isa = PBXFileReference; lastKnownFileType = text.plist.xml; path = Info.plist; sourceTree = "<group>"; };
		DB00B3AB1A5C1E34008C4AB8 /* colourNamerTests.m */ = {isa = PBXFileReference; lastKnownFileType = sourcecode.c.objc; path = colourNamerTests.m; sourceTree = "<group>"; };
/* End PBXFileReference section */

/* Begin PBXFrameworksBuildPhase section */
		DB00B3861A5C1E33008C4AB8 /* Frameworks */ = {
			isa = PBXFrameworksBuildPhase;
			buildActionMask = 2147483647;
			files = (
			);
			runOnlyForDeploymentPostprocessing = 0;
		};
		DB00B3A21A5C1E34008C4AB8 /* Frameworks */ = {
			isa = PBXFrameworksBuildPhase;
			buildActionMask = 2147483647;
			files = (
			);
			runOnlyForDeploymentPostprocessing = 0;
		};
/* End PBXFrameworksBuildPhase section */

/* Begin PBXGroup section */
		DB00B3801A5C1E33008C4AB8 = {
			isa = PBXGroup;
			children = (
				DB00B38B1A5C1E33008C4AB8 /* colourNamer */,
				DB00B3A81A5C1E34008C4AB8 /* colourNamerTests */,
				DB00B38A1A5C1E33008C4AB8 /* Products */,
			);
			sourceTree = "<group>";
		};
		DB00B38A1A5C1E33008C4AB8 /* Products */ = {
			isa = PBXGroup;
			children = (
				DB00B3891A5C1E33008C4AB8 /* colourNamer.app */,
				DB00B3A51A5C1E34008C4AB8 /* colourNamerTests.xctest */,
			);
			name = Products;
			sourceTree = "<group>";
		};
		DB00B38B1A5C1E33008C4AB8 /* colourNamer */ = {
			isa = PBXGroup;
			children = (
				DB00B3901A5C1E33008C4AB8 /* AppDelegate.h */,
				DB00B3911A5C1E33008C4AB8 /* AppDelegate.m */,
				DB00B3961A5C1E33008C4AB8 /* ViewController.h */,
				DB00B3971A5C1E33008C4AB8 /* ViewController.m */,
				DB00B3991A5C1E33008C4AB8 /* Main.storyboard */,
				DB00B39C1A5C1E34008C4AB8 /* Images.xcassets */,
				DB00B39E1A5C1E34008C4AB8 /* LaunchScreen.xib */,
				DB00B3931A5C1E33008C4AB8 /* colourNamer.xcdatamodeld */,
				DB00B38C1A5C1E33008C4AB8 /* Supporting Files */,
			);
			path = colourNamer;
			sourceTree = "<group>";
		};
		DB00B38C1A5C1E33008C4AB8 /* Supporting Files */ = {
			isa = PBXGroup;
			children = (
				DB00B38D1A5C1E33008C4AB8 /* Info.plist */,
				DB00B38E1A5C1E33008C4AB8 /* main.m */,
			);
			name = "Supporting Files";
			sourceTree = "<group>";
		};
		DB00B3A81A5C1E34008C4AB8 /* colourNamerTests */ = {
			isa = PBXGroup;
			children = (
				DB00B3AB1A5C1E34008C4AB8 /* colourNamerTests.m */,
				DB00B3A91A5C1E34008C4AB8 /* Supporting Files */,
			);
			path = colourNamerTests;
			sourceTree = "<group>";
		};
		DB00B3A91A5C1E34008C4AB8 /* Supporting Files */ = {
			isa = PBXGroup;
			children = (
				DB00B3AA1A5C1E34008C4AB8 /* Info.plist */,
			);
			name = "Supporting Files";
			sourceTree = "<group>";
		};
/* End PBXGroup section */

/* Begin PBXNativeTarget section */
		DB00B3881A5C1E33008C4AB8 /* colourNamer */ = {
			isa = PBXNativeTarget;
			buildConfigurationList = DB00B3AF1A5C1E34008C4AB8 /* Build configuration list for PBXNativeTarget "colourNamer" */;
			buildPhases = (
				DB00B3851A5C1E33008C4AB8 /* Sources */,
				DB00B3861A5C1E33008C4AB8 /* Frameworks */,
				DB00B3871A5C1E33008C4AB8 /* Resources */,
			);
			buildRules = (
			);
			dependencies = (
			);
			name = colourNamer;
			productName = colourNamer;
			productReference = DB00B3891A5C1E33008C4AB8 /* colourNamer.app */;
			productType = "com.apple.product-type.application";
		};
		DB00B3A41A5C1E34008C4AB8 /* colourNamerTests */ = {
			isa = PBXNativeTarget;
			buildConfigurationList = DB00B3B21A5C1E34008C4AB8 /* Build configuration list for PBXNativeTarget "colourNamerTests" */;
			buildPhases = (
				DB00B3A11A5C1E34008C4AB8 /* Sources */,
				DB00B3A21A5C1E34008C4AB8 /* Frameworks */,
				DB00B3A31A5C1E34008C4AB8 /* Resources */,
			);
			buildRules = (
			);
			dependencies = (
				DB00B3A71A5C1E34008C4AB8 /* PBXTargetDependency */,
			);
			name = colourNamerTests;
			productName = colourNamerTests;
			productReference = DB00B3A51A5C1E34008C4AB8 /* colourNamerTests.xctest */;
			productType = "com.apple.product-type.bundle.unit-test";
		};
/* End PBXNativeTarget section */

/* Begin PBXProject section */
		DB00B3811A5C1E33008C4AB8 /* Project object */ = {
			isa = PBXProject;
			attributes = {
				LastUpgradeCheck = 0610;
				ORGANIZATIONNAME = "John Dyer";
				TargetAttributes = {
					DB00B3881A5C1E33008C4AB8 = {
						CreatedOnToolsVersion = 6.1.1;
					};
					DB00B3A41A5C1E34008C4AB8 = {
						CreatedOnToolsVersion = 6.1.1;
						TestTargetID = DB00B3881A5C1E33008C4AB8;
					};
				};
			};
			buildConfigurationList = DB00B3841A5C1E33008C4AB8 /* Build configuration list for PBXProject "colourNamer" */;
			compatibilityVersion = "Xcode 3.2";
			developmentRegion = English;
			hasScannedForEncodings = 0;
			knownRegions = (
				en,
				Base,
			);
			mainGroup = DB00B3801A5C1E33008C4AB8;
			productRefGroup = DB00B38A1A5C1E33008C4AB8 /* Products */;
			projectDirPath = "";
			projectRoot = "";
			targets = (
				DB00B3881A5C1E33008C4AB8 /* colourNamer */,
				DB00B3A41A5C1E34008C4AB8 /* colourNamerTests */,
			);
		};
/* End PBXProject section */

/* Begin PBXResourcesBuildPhase section */
		DB00B3871A5C1E33008C4AB8 /* Resources */ = {
			isa = PBXResourcesBuildPhase;
			buildActionMask = 2147483647;
			files = (
				DB00B39B1A5C1E33008C4AB8 /* Main.storyboard in Resources */,
				DB00B3A01A5C1E34008C4AB8 /* LaunchScreen.xib in Resources */,
				DB00B39D1A5C1E34008C4AB8 /* Images.xcassets in Resources */,
			);
			runOnlyForDeploymentPostprocessing = 0;
		};
		DB00B3A31A5C1E34008C4AB8 /* Resources */ = {
			isa = PBXResourcesBuildPhase;
			buildActionMask = 2147483647;
			files = (
			);
			runOnlyForDeploymentPostprocessing = 0;
		};
/* End PBXResourcesBuildPhase section */

/* Begin PBXSourcesBuildPhase section */
		DB00B3851A5C1E33008C4AB8 /* Sources */ = {
			isa = PBXSourcesBuildPhase;
			buildActionMask = 2147483647;
			files = (
				DB00B3921A5C1E33008C4AB8 /* AppDelegate.m in Sources */,
				DB00B38F1A5C1E33008C4AB8 /* main.m in Sources */,
				DB00B3981A5C1E33008C4AB8 /* ViewController.m in Sources */,
				DB00B3951A5C1E33008C4AB8 /* colourNamer.xcdatamodeld in Sources */,
			);
			runOnlyForDeploymentPostprocessing = 0;
		};
		DB00B3A11A5C1E34008C4AB8 /* Sources */ = {
			isa = PBXSourcesBuildPhase;
			buildActionMask = 2147483647;
			files = (
				DB00B3AC1A5C1E34008C4AB8 /* colourNamerTests.m in Sources */,
			);
			runOnlyForDeploymentPostprocessing = 0;
		};
/* End PBXSourcesBuildPhase section */

/* Begin PBXTargetDependency section */
		DB00B3A71A5C1E34008C4AB8 /* PBXTargetDependency */ = {
			isa = PBXTargetDependency;
			target = DB00B3881A5C1E33008C4AB8 /* colourNamer */;
			targetProxy = DB00B3A61A5C1E34008C4AB8 /* PBXContainerItemProxy */;
		};
/* End PBXTargetDependency section */

/* Begin PBXVariantGroup section */
		DB00B3991A5C1E33008C4AB8 /* Main.storyboard */ = {
			isa = PBXVariantGroup;
			children = (
				DB00B39A1A5C1E33008C4AB8 /* Base */,
			);
			name = Main.storyboard;
			sourceTree = "<group>";
		};
		DB00B39E1A5C1E34008C4AB8 /* LaunchScreen.xib */ = {
			isa = PBXVariantGroup;
			children = (
				DB00B39F1A5C1E34008C4AB8 /* Base */,
			);
			name = LaunchScreen.xib;
			sourceTree = "<group>";
		};
/* End PBXVariantGroup section */

/* Begin XCBuildConfiguration section */
		DB00B3AD1A5C1E34008C4AB8 /* Debug */ = {
			isa = XCBuildConfiguration;
			buildSettings = {
				ALWAYS_SEARCH_USER_PATHS = NO;
				CLANG_CXX_LANGUAGE_STANDARD = "gnu++0x";
				CLANG_CXX_LIBRARY = "libc++";
				CLANG_ENABLE_MODULES = YES;
				CLANG_ENABLE_OBJC_ARC = YES;
				CLANG_WARN_BOOL_CONVERSION = YES;
				CLANG_WARN_CONSTANT_CONVERSION = YES;
				CLANG_WARN_DIRECT_OBJC_ISA_USAGE = YES_ERROR;
				CLANG_WARN_EMPTY_BODY = YES;
				CLANG_WARN_ENUM_CONVERSION = YES;
				CLANG_WARN_INT_CONVERSION = YES;
				CLANG_WARN_OBJC_ROOT_CLASS = YES_ERROR;
				CLANG_WARN_UNREACHABLE_CODE = YES;
				CLANG_WARN__DUPLICATE_METHOD_MATCH = YES;
				"CODE_SIGN_IDENTITY[sdk=iphoneos*]" = "iPhone Developer";
				COPY_PHASE_STRIP = NO;
				ENABLE_STRICT_OBJC_MSGSEND = YES;
				GCC_C_LANGUAGE_STANDARD = gnu99;
				GCC_DYNAMIC_NO_PIC = NO;
				GCC_OPTIMIZATION_LEVEL = 0;
				GCC_PREPROCESSOR_DEFINITIONS = (
					"DEBUG=1",
					"$(inherited)",
				);
				GCC_SYMBOLS_PRIVATE_EXTERN = NO;
				GCC_WARN_64_TO_32_BIT_CONVERSION = YES;
				GCC_WARN_ABOUT_RETURN_TYPE = YES_ERROR;
				GCC_WARN_UNDECLARED_SELECTOR = YES;
				GCC_WARN_UNINITIALIZED_AUTOS = YES_AGGRESSIVE;
				GCC_WARN_UNUSED_FUNCTION = YES;
				GCC_WARN_UNUSED_VARIABLE = YES;
				IPHONEOS_DEPLOYMENT_TARGET = 8.1;
				MTL_ENABLE_DEBUG_INFO = YES;
				ONLY_ACTIVE_ARCH = YES;
				SDKROOT = iphoneos;
				TARGETED_DEVICE_FAMILY = "1,2";
			};
			name = Debug;
		};
		DB00B3AE1A5C1E34008C4AB8 /* Release */ = {
			isa = XCBuildConfiguration;
			buildSettings = {
				ALWAYS_SEARCH_USER_PATHS = NO;
				CLANG_CXX_LANGUAGE_STANDARD = "gnu++0x";
				CLANG_CXX_LIBRARY = "libc++";
				CLANG_ENABLE_MODULES = YES;
				CLANG_ENABLE_OBJC_ARC = YES;
				CLANG_WARN_BOOL_CONVERSION = YES;
				CLANG_WARN_CONSTANT_CONVERSION = YES;
				CLANG_WARN_DIRECT_OBJC_ISA_USAGE = YES_ERROR;
				CLANG_WARN_EMPTY_BODY = YES;
				CLANG_WARN_ENUM_CONVERSION = YES;
				CLANG_WARN_INT_CONVERSION = YES;
				CLANG_WARN_OBJC_ROOT_CLASS = YES_ERROR;
				CLANG_WARN_UNREACHABLE_CODE = YES;
				CLANG_WARN__DUPLICATE_METHOD_MATCH = YES;
				"CODE_SIGN_IDENTITY[sdk=iphoneos*]" = "iPhone Developer";
				COPY_PHASE_STRIP = YES;
				ENABLE_NS_ASSERTIONS = NO;
				ENABLE_STRICT_OBJC_MSGSEND = YES;
				GCC_C_LANGUAGE_STANDARD = gnu99;
				GCC_WARN_64_TO_32_BIT_CONVERSION = YES;
				GCC_WARN_ABOUT_RETURN_TYPE = YES_ERROR;
				GCC_WARN_UNDECLARED_SELECTOR = YES;
				GCC_WARN_UNINITIALIZED_AUTOS = YES_AGGRESSIVE;
				GCC_WARN_UNUSED_FUNCTION = YES;
				GCC_WARN_UNUSED_VARIABLE = YES;
				IPHONEOS_DEPLOYMENT_TARGET = 8.1;
				MTL_ENABLE_DEBUG_INFO = NO;
				SDKROOT = iphoneos;
				TARGETED_DEVICE_FAMILY = "1,2";
				VALIDATE_PRODUCT = YES;
			};
			name = Release;
		};
		DB00B3B01A5C1E34008C4AB8 /* Debug */ = {
			isa = XCBuildConfiguration;
			buildSettings = {
				ASSETCATALOG_COMPILER_APPICON_NAME = AppIcon;
				INFOPLIST_FILE = colourNamer/Info.plist;
				LD_RUNPATH_SEARCH_PATHS = "$(inherited) @executable_path/Frameworks";
				PRODUCT_NAME = "$(TARGET_NAME)";
			};
			name = Debug;
		};
		DB00B3B11A5C1E34008C4AB8 /* Release */ = {
			isa = XCBuildConfiguration;
			buildSettings = {
				ASSETCATALOG_COMPILER_APPICON_NAME = AppIcon;
				INFOPLIST_FILE = colourNamer/Info.plist;
				LD_RUNPATH_SEARCH_PATHS = "$(inherited) @executable_path/Frameworks";
				PRODUCT_NAME = "$(TARGET_NAME)";
			};
			name = Release;
		};
		DB00B3B31A5C1E34008C4AB8 /* Debug */ = {
			isa = XCBuildConfiguration;
			buildSettings = {
				BUNDLE_LOADER = "$(TEST_HOST)";
				FRAMEWORK_SEARCH_PATHS = (
					"$(SDKROOT)/Developer/Library/Frameworks",
					"$(inherited)",
				);
				GCC_PREPROCESSOR_DEFINITIONS = (
					"DEBUG=1",
					"$(inherited)",
				);
				INFOPLIST_FILE = colourNamerTests/Info.plist;
				LD_RUNPATH_SEARCH_PATHS = "$(inherited) @executable_path/Frameworks @loader_path/Frameworks";
				PRODUCT_NAME = "$(TARGET_NAME)";
				TEST_HOST = "$(BUILT_PRODUCTS_DIR)/colourNamer.app/colourNamer";
			};
			name = Debug;
		};
		DB00B3B41A5C1E34008C4AB8 /* Release */ = {
			isa = XCBuildConfiguration;
			buildSettings = {
				BUNDLE_LOADER = "$(TEST_HOST)";
				FRAMEWORK_SEARCH_PATHS = (
					"$(SDKROOT)/Developer/Library/Frameworks",
					"$(inherited)",
				);
				INFOPLIST_FILE = colourNamerTests/Info.plist;
				LD_RUNPATH_SEARCH_PATHS = "$(inherited) @executable_path/Frameworks @loader_path/Frameworks";
				PRODUCT_NAME = "$(TARGET_NAME)";
				TEST_HOST = "$(BUILT_PRODUCTS_DIR)/colourNamer.app/colourNamer";
			};
			name = Release;
		};
/* End XCBuildConfiguration section */

/* Begin XCConfigurationList section */
		DB00B3841A5C1E33008C4AB8 /* Build configuration list for PBXProject "colourNamer" */ = {
			isa = XCConfigurationList;
			buildConfigurations = (
				DB00B3AD1A5C1E34008C4AB8 /* Debug */,
				DB00B3AE1A5C1E34008C4AB8 /* Release */,
			);
			defaultConfigurationIsVisible = 0;
			defaultConfigurationName = Release;
		};
		DB00B3AF1A5C1E34008C4AB8 /* Build configuration list for PBXNativeTarget "colourNamer" */ = {
			isa = XCConfigurationList;
			buildConfigurations = (
				DB00B3B01A5C1E34008C4AB8 /* Debug */,
				DB00B3B11A5C1E34008C4AB8 /* Release */,
			);
			defaultConfigurationIsVisible = 0;
		};
		DB00B3B21A5C1E34008C4AB8 /* Build configuration list for PBXNativeTarget "colourNamerTests" */ = {
			isa = XCConfigurationList;
			buildConfigurations = (
				DB00B3B31A5C1E34008C4AB8 /* Debug */,
				DB00B3B41A5C1E34008C4AB8 /* Release */,
			);
			defaultConfigurationIsVisible = 0;
		};
/* End XCConfigurationList section */

/* Begin XCVersionGroup section */
		DB00B3931A5C1E33008C4AB8 /* colourNamer.xcdatamodeld */ = {
			isa = XCVersionGroup;
			children = (
				DB00B3941A5C1E33008C4AB8 /* colourNamer.xcdatamodel */,
			);
			currentVersion = DB00B3941A5C1E33008C4AB8 /* colourNamer.xcdatamodel */;
			path = colourNamer.xcdatamodeld;
			sourceTree = "<group>";
			versionGroupType = wrapper.xcdatamodel;
		};
/* End XCVersionGroup section */
	};
	rootObject = DB00B3811A5C1E33008C4AB8 /* Project object */;
}
